// !$*UTF8*$!
{
	archiveVersion = 1;
	classes = {
	};
	objectVersion = 50;
	objects = {

/* Begin PBXBuildFile section */
		0968062E2428B8830038772C /* SignUpController.swift in Sources */ = {isa = PBXBuildFile; fileRef = 0968062D2428B8830038772C /* SignUpController.swift */; };
		09DA083C242771FF00B7F60F /* AppDelegate.swift in Sources */ = {isa = PBXBuildFile; fileRef = 09DA083B242771FF00B7F60F /* AppDelegate.swift */; };
		09DA083E242771FF00B7F60F /* SceneDelegate.swift in Sources */ = {isa = PBXBuildFile; fileRef = 09DA083D242771FF00B7F60F /* SceneDelegate.swift */; };
		09DA0843242771FF00B7F60F /* Main.storyboard in Resources */ = {isa = PBXBuildFile; fileRef = 09DA0841242771FF00B7F60F /* Main.storyboard */; };
		09DA08452427720100B7F60F /* Assets.xcassets in Resources */ = {isa = PBXBuildFile; fileRef = 09DA08442427720100B7F60F /* Assets.xcassets */; };
		09DA08482427720100B7F60F /* LaunchScreen.storyboard in Resources */ = {isa = PBXBuildFile; fileRef = 09DA08462427720100B7F60F /* LaunchScreen.storyboard */; };
		09DA085524277A4B00B7F60F /* LoginController.swift in Sources */ = {isa = PBXBuildFile; fileRef = 09DA085424277A4B00B7F60F /* LoginController.swift */; };
		09DA085724278F9100B7F60F /* Extentions.swift in Sources */ = {isa = PBXBuildFile; fileRef = 09DA085624278F9100B7F60F /* Extentions.swift */; };
		09E56D2C24358FFC001893B9 /* AuthButton.swift in Sources */ = {isa = PBXBuildFile; fileRef = 09E56D2B24358FFC001893B9 /* AuthButton.swift */; };
		BA20DFA34CCAC77EFC478B73 /* Pods_UberClone.framework in Frameworks */ = {isa = PBXBuildFile; fileRef = F3D10CB27DE6A1BF7C654C14 /* Pods_UberClone.framework */; };
/* End PBXBuildFile section */

/* Begin PBXFileReference section */
		0968062D2428B8830038772C /* SignUpController.swift */ = {isa = PBXFileReference; lastKnownFileType = sourcecode.swift; path = SignUpController.swift; sourceTree = "<group>"; };
		09DA0838242771FF00B7F60F /* UberClone.app */ = {isa = PBXFileReference; explicitFileType = wrapper.application; includeInIndex = 0; path = UberClone.app; sourceTree = BUILT_PRODUCTS_DIR; };
		09DA083B242771FF00B7F60F /* AppDelegate.swift */ = {isa = PBXFileReference; lastKnownFileType = sourcecode.swift; path = AppDelegate.swift; sourceTree = "<group>"; };
		09DA083D242771FF00B7F60F /* SceneDelegate.swift */ = {isa = PBXFileReference; lastKnownFileType = sourcecode.swift; path = SceneDelegate.swift; sourceTree = "<group>"; };
		09DA0842242771FF00B7F60F /* Base */ = {isa = PBXFileReference; lastKnownFileType = file.storyboard; name = Base; path = Base.lproj/Main.storyboard; sourceTree = "<group>"; };
		09DA08442427720100B7F60F /* Assets.xcassets */ = {isa = PBXFileReference; lastKnownFileType = folder.assetcatalog; path = Assets.xcassets; sourceTree = "<group>"; };
		09DA08472427720100B7F60F /* Base */ = {isa = PBXFileReference; lastKnownFileType = file.storyboard; name = Base; path = Base.lproj/LaunchScreen.storyboard; sourceTree = "<group>"; };
		09DA08492427720100B7F60F /* Info.plist */ = {isa = PBXFileReference; lastKnownFileType = text.plist.xml; path = Info.plist; sourceTree = "<group>"; };
		09DA085424277A4B00B7F60F /* LoginController.swift */ = {isa = PBXFileReference; lastKnownFileType = sourcecode.swift; path = LoginController.swift; sourceTree = "<group>"; };
		09DA085624278F9100B7F60F /* Extentions.swift */ = {isa = PBXFileReference; lastKnownFileType = sourcecode.swift; path = Extentions.swift; sourceTree = "<group>"; };
		09E56D2B24358FFC001893B9 /* AuthButton.swift */ = {isa = PBXFileReference; lastKnownFileType = sourcecode.swift; path = AuthButton.swift; sourceTree = "<group>"; };
		889D1E0E5D1C69550ECC7149 /* Pods-UberClone.debug.xcconfig */ = {isa = PBXFileReference; includeInIndex = 1; lastKnownFileType = text.xcconfig; name = "Pods-UberClone.debug.xcconfig"; path = "Target Support Files/Pods-UberClone/Pods-UberClone.debug.xcconfig"; sourceTree = "<group>"; };
		8B8D0D466EC04333B04EA53A /* Pods-UberClone.release.xcconfig */ = {isa = PBXFileReference; includeInIndex = 1; lastKnownFileType = text.xcconfig; name = "Pods-UberClone.release.xcconfig"; path = "Target Support Files/Pods-UberClone/Pods-UberClone.release.xcconfig"; sourceTree = "<group>"; };
		F3D10CB27DE6A1BF7C654C14 /* Pods_UberClone.framework */ = {isa = PBXFileReference; explicitFileType = wrapper.framework; includeInIndex = 0; path = Pods_UberClone.framework; sourceTree = BUILT_PRODUCTS_DIR; };
/* End PBXFileReference section */

/* Begin PBXFrameworksBuildPhase section */
		09DA0835242771FF00B7F60F /* Frameworks */ = {
			isa = PBXFrameworksBuildPhase;
			buildActionMask = 2147483647;
			files = (
				BA20DFA34CCAC77EFC478B73 /* Pods_UberClone.framework in Frameworks */,
			);
			runOnlyForDeploymentPostprocessing = 0;
		};
/* End PBXFrameworksBuildPhase section */

/* Begin PBXGroup section */
		09DA082F242771FF00B7F60F = {
			isa = PBXGroup;
			children = (
				09DA083A242771FF00B7F60F /* UberClone */,
				09DA0839242771FF00B7F60F /* Products */,
				3841FB83D0B37168935FA2F5 /* Pods */,
				7CE3E221C0251FB7A8BCCD65 /* Frameworks */,
			);
			sourceTree = "<group>";
		};
		09DA0839242771FF00B7F60F /* Products */ = {
			isa = PBXGroup;
			children = (
				09DA0838242771FF00B7F60F /* UberClone.app */,
			);
			name = Products;
			sourceTree = "<group>";
		};
		09DA083A242771FF00B7F60F /* UberClone */ = {
			isa = PBXGroup;
			children = (
				09DA085324277A0600B7F60F /* Model */,
				09DA085224277A0400B7F60F /* View */,
				09DA085124277A0100B7F60F /* Controller */,
				09DA0850242779FE00B7F60F /* Service */,
				09DA084F242779FA00B7F60F /* Utils */,
				09DA083B242771FF00B7F60F /* AppDelegate.swift */,
				09DA083D242771FF00B7F60F /* SceneDelegate.swift */,
				09DA0841242771FF00B7F60F /* Main.storyboard */,
				09DA08442427720100B7F60F /* Assets.xcassets */,
				09DA08462427720100B7F60F /* LaunchScreen.storyboard */,
				09DA08492427720100B7F60F /* Info.plist */,
			);
			path = UberClone;
			sourceTree = "<group>";
		};
		09DA084F242779FA00B7F60F /* Utils */ = {
			isa = PBXGroup;
			children = (
				09DA085624278F9100B7F60F /* Extentions.swift */,
			);
			path = Utils;
			sourceTree = "<group>";
		};
		09DA0850242779FE00B7F60F /* Service */ = {
			isa = PBXGroup;
			children = (
			);
			path = Service;
			sourceTree = "<group>";
		};
		09DA085124277A0100B7F60F /* Controller */ = {
			isa = PBXGroup;
			children = (
				09DA085424277A4B00B7F60F /* LoginController.swift */,
				0968062D2428B8830038772C /* SignUpController.swift */,
			);
			path = Controller;
			sourceTree = "<group>";
		};
		09DA085224277A0400B7F60F /* View */ = {
			isa = PBXGroup;
			children = (
				09E56D2B24358FFC001893B9 /* AuthButton.swift */,
			);
			path = View;
			sourceTree = "<group>";
		};
		09DA085324277A0600B7F60F /* Model */ = {
			isa = PBXGroup;
			children = (
			);
			path = Model;
			sourceTree = "<group>";
		};
		3841FB83D0B37168935FA2F5 /* Pods */ = {
			isa = PBXGroup;
			children = (
				889D1E0E5D1C69550ECC7149 /* Pods-UberClone.debug.xcconfig */,
				8B8D0D466EC04333B04EA53A /* Pods-UberClone.release.xcconfig */,
			);
			name = Pods;
			path = Pods;
			sourceTree = "<group>";
		};
		7CE3E221C0251FB7A8BCCD65 /* Frameworks */ = {
			isa = PBXGroup;
			children = (
				F3D10CB27DE6A1BF7C654C14 /* Pods_UberClone.framework */,
			);
			name = Frameworks;
			sourceTree = "<group>";
		};
/* End PBXGroup section */

/* Begin PBXNativeTarget section */
		09DA0837242771FF00B7F60F /* UberClone */ = {
			isa = PBXNativeTarget;
			buildConfigurationList = 09DA084C2427720100B7F60F /* Build configuration list for PBXNativeTarget "UberClone" */;
			buildPhases = (
				FB596EEAA6A090ADDB3F81AA /* [CP] Check Pods Manifest.lock */,
				09DA0834242771FF00B7F60F /* Sources */,
				09DA0835242771FF00B7F60F /* Frameworks */,
				09DA0836242771FF00B7F60F /* Resources */,
				B61CFDA84DBE1F5262458988 /* [CP] Embed Pods Frameworks */,
			);
			buildRules = (
			);
			dependencies = (
			);
			name = UberClone;
			productName = UberClone;
			productReference = 09DA0838242771FF00B7F60F /* UberClone.app */;
			productType = "com.apple.product-type.application";
		};
/* End PBXNativeTarget section */

/* Begin PBXProject section */
		09DA0830242771FF00B7F60F /* Project object */ = {
			isa = PBXProject;
			attributes = {
				LastSwiftUpdateCheck = 1130;
				LastUpgradeCheck = 1130;
				ORGANIZATIONNAME = "mitsuyoshi matsuo";
				TargetAttributes = {
					09DA0837242771FF00B7F60F = {
						CreatedOnToolsVersion = 11.3.1;
					};
				};
			};
			buildConfigurationList = 09DA0833242771FF00B7F60F /* Build configuration list for PBXProject "UberClone" */;
			compatibilityVersion = "Xcode 9.3";
			developmentRegion = en;
			hasScannedForEncodings = 0;
			knownRegions = (
				en,
				Base,
			);
			mainGroup = 09DA082F242771FF00B7F60F;
			productRefGroup = 09DA0839242771FF00B7F60F /* Products */;
			projectDirPath = "";
			projectRoot = "";
			targets = (
				09DA0837242771FF00B7F60F /* UberClone */,
			);
		};
/* End PBXProject section */

/* Begin PBXResourcesBuildPhase section */
		09DA0836242771FF00B7F60F /* Resources */ = {
			isa = PBXResourcesBuildPhase;
			buildActionMask = 2147483647;
			files = (
				09DA08482427720100B7F60F /* LaunchScreen.storyboard in Resources */,
				09DA08452427720100B7F60F /* Assets.xcassets in Resources */,
				09DA0843242771FF00B7F60F /* Main.storyboard in Resources */,
			);
			runOnlyForDeploymentPostprocessing = 0;
		};
/* End PBXResourcesBuildPhase section */

/* Begin PBXShellScriptBuildPhase section */
		B61CFDA84DBE1F5262458988 /* [CP] Embed Pods Frameworks */ = {
			isa = PBXShellScriptBuildPhase;
			buildActionMask = 2147483647;
			files = (
			);
			inputFileListPaths = (
				"${PODS_ROOT}/Target Support Files/Pods-UberClone/Pods-UberClone-frameworks-${CONFIGURATION}-input-files.xcfilelist",
			);
			name = "[CP] Embed Pods Frameworks";
			outputFileListPaths = (
				"${PODS_ROOT}/Target Support Files/Pods-UberClone/Pods-UberClone-frameworks-${CONFIGURATION}-output-files.xcfilelist",
			);
			runOnlyForDeploymentPostprocessing = 0;
			shellPath = /bin/sh;
			shellScript = "\"${PODS_ROOT}/Target Support Files/Pods-UberClone/Pods-UberClone-frameworks.sh\"\n";
			showEnvVarsInLog = 0;
		};
		FB596EEAA6A090ADDB3F81AA /* [CP] Check Pods Manifest.lock */ = {
			isa = PBXShellScriptBuildPhase;
			buildActionMask = 2147483647;
			files = (
			);
			inputFileListPaths = (
			);
			inputPaths = (
				"${PODS_PODFILE_DIR_PATH}/Podfile.lock",
				"${PODS_ROOT}/Manifest.lock",
			);
			name = "[CP] Check Pods Manifest.lock";
			outputFileListPaths = (
			);
			outputPaths = (
				"$(DERIVED_FILE_DIR)/Pods-UberClone-checkManifestLockResult.txt",
			);
			runOnlyForDeploymentPostprocessing = 0;
			shellPath = /bin/sh;
			shellScript = "diff \"${PODS_PODFILE_DIR_PATH}/Podfile.lock\" \"${PODS_ROOT}/Manifest.lock\" > /dev/null\nif [ $? != 0 ] ; then\n    # print error to STDERR\n    echo \"error: The sandbox is not in sync with the Podfile.lock. Run 'pod install' or update your CocoaPods installation.\" >&2\n    exit 1\nfi\n# This output is used by Xcode 'outputs' to avoid re-running this script phase.\necho \"SUCCESS\" > \"${SCRIPT_OUTPUT_FILE_0}\"\n";
			showEnvVarsInLog = 0;
		};
/* End PBXShellScriptBuildPhase section */

/* Begin PBXSourcesBuildPhase section */
		09DA0834242771FF00B7F60F /* Sources */ = {
			isa = PBXSourcesBuildPhase;
			buildActionMask = 2147483647;
			files = (
				0968062E2428B8830038772C /* SignUpController.swift in Sources */,
				09E56D2C24358FFC001893B9 /* AuthButton.swift in Sources */,
				09DA085724278F9100B7F60F /* Extentions.swift in Sources */,
				09DA085524277A4B00B7F60F /* LoginController.swift in Sources */,
				09DA083C242771FF00B7F60F /* AppDelegate.swift in Sources */,
				09DA083E242771FF00B7F60F /* SceneDelegate.swift in Sources */,
			);
			runOnlyForDeploymentPostprocessing = 0;
		};
/* End PBXSourcesBuildPhase section */

/* Begin PBXVariantGroup section */
		09DA0841242771FF00B7F60F /* Main.storyboard */ = {
			isa = PBXVariantGroup;
			children = (
				09DA0842242771FF00B7F60F /* Base */,
			);
			name = Main.storyboard;
			sourceTree = "<group>";
		};
		09DA08462427720100B7F60F /* LaunchScreen.storyboard */ = {
			isa = PBXVariantGroup;
			children = (
				09DA08472427720100B7F60F /* Base */,
			);
			name = LaunchScreen.storyboard;
			sourceTree = "<group>";
		};
/* End PBXVariantGroup section */

/* Begin XCBuildConfiguration section */
		09DA084A2427720100B7F60F /* Debug */ = {
			isa = XCBuildConfiguration;
			buildSettings = {
				ALWAYS_SEARCH_USER_PATHS = NO;
				CLANG_ANALYZER_NONNULL = YES;
				CLANG_ANALYZER_NUMBER_OBJECT_CONVERSION = YES_AGGRESSIVE;
				CLANG_CXX_LANGUAGE_STANDARD = "gnu++14";
				CLANG_CXX_LIBRARY = "libc++";
				CLANG_ENABLE_MODULES = YES;
				CLANG_ENABLE_OBJC_ARC = YES;
				CLANG_ENABLE_OBJC_WEAK = YES;
				CLANG_WARN_BLOCK_CAPTURE_AUTORELEASING = YES;
				CLANG_WARN_BOOL_CONVERSION = YES;
				CLANG_WARN_COMMA = YES;
				CLANG_WARN_CONSTANT_CONVERSION = YES;
				CLANG_WARN_DEPRECATED_OBJC_IMPLEMENTATIONS = YES;
				CLANG_WARN_DIRECT_OBJC_ISA_USAGE = YES_ERROR;
				CLANG_WARN_DOCUMENTATION_COMMENTS = YES;
				CLANG_WARN_EMPTY_BODY = YES;
				CLANG_WARN_ENUM_CONVERSION = YES;
				CLANG_WARN_INFINITE_RECURSION = YES;
				CLANG_WARN_INT_CONVERSION = YES;
				CLANG_WARN_NON_LITERAL_NULL_CONVERSION = YES;
				CLANG_WARN_OBJC_IMPLICIT_RETAIN_SELF = YES;
				CLANG_WARN_OBJC_LITERAL_CONVERSION = YES;
				CLANG_WARN_OBJC_ROOT_CLASS = YES_ERROR;
				CLANG_WARN_RANGE_LOOP_ANALYSIS = YES;
				CLANG_WARN_STRICT_PROTOTYPES = YES;
				CLANG_WARN_SUSPICIOUS_MOVE = YES;
				CLANG_WARN_UNGUARDED_AVAILABILITY = YES_AGGRESSIVE;
				CLANG_WARN_UNREACHABLE_CODE = YES;
				CLANG_WARN__DUPLICATE_METHOD_MATCH = YES;
				COPY_PHASE_STRIP = NO;
				DEBUG_INFORMATION_FORMAT = dwarf;
				ENABLE_STRICT_OBJC_MSGSEND = YES;
				ENABLE_TESTABILITY = YES;
				GCC_C_LANGUAGE_STANDARD = gnu11;
				GCC_DYNAMIC_NO_PIC = NO;
				GCC_NO_COMMON_BLOCKS = YES;
				GCC_OPTIMIZATION_LEVEL = 0;
				GCC_PREPROCESSOR_DEFINITIONS = (
					"DEBUG=1",
					"$(inherited)",
				);
				GCC_WARN_64_TO_32_BIT_CONVERSION = YES;
				GCC_WARN_ABOUT_RETURN_TYPE = YES_ERROR;
				GCC_WARN_UNDECLARED_SELECTOR = YES;
				GCC_WARN_UNINITIALIZED_AUTOS = YES_AGGRESSIVE;
				GCC_WARN_UNUSED_FUNCTION = YES;
				GCC_WARN_UNUSED_VARIABLE = YES;
				IPHONEOS_DEPLOYMENT_TARGET = 13.2;
				MTL_ENABLE_DEBUG_INFO = INCLUDE_SOURCE;
				MTL_FAST_MATH = YES;
				ONLY_ACTIVE_ARCH = YES;
				SDKROOT = iphoneos;
				SWIFT_ACTIVE_COMPILATION_CONDITIONS = DEBUG;
				SWIFT_OPTIMIZATION_LEVEL = "-Onone";
			};
			name = Debug;
		};
		09DA084B2427720100B7F60F /* Release */ = {
			isa = XCBuildConfiguration;
			buildSettings = {
				ALWAYS_SEARCH_USER_PATHS = NO;
				CLANG_ANALYZER_NONNULL = YES;
				CLANG_ANALYZER_NUMBER_OBJECT_CONVERSION = YES_AGGRESSIVE;
				CLANG_CXX_LANGUAGE_STANDARD = "gnu++14";
				CLANG_CXX_LIBRARY = "libc++";
				CLANG_ENABLE_MODULES = YES;
				CLANG_ENABLE_OBJC_ARC = YES;
				CLANG_ENABLE_OBJC_WEAK = YES;
				CLANG_WARN_BLOCK_CAPTURE_AUTORELEASING = YES;
				CLANG_WARN_BOOL_CONVERSION = YES;
				CLANG_WARN_COMMA = YES;
				CLANG_WARN_CONSTANT_CONVERSION = YES;
				CLANG_WARN_DEPRECATED_OBJC_IMPLEMENTATIONS = YES;
				CLANG_WARN_DIRECT_OBJC_ISA_USAGE = YES_ERROR;
				CLANG_WARN_DOCUMENTATION_COMMENTS = YES;
				CLANG_WARN_EMPTY_BODY = YES;
				CLANG_WARN_ENUM_CONVERSION = YES;
				CLANG_WARN_INFINITE_RECURSION = YES;
				CLANG_WARN_INT_CONVERSION = YES;
				CLANG_WARN_NON_LITERAL_NULL_CONVERSION = YES;
				CLANG_WARN_OBJC_IMPLICIT_RETAIN_SELF = YES;
				CLANG_WARN_OBJC_LITERAL_CONVERSION = YES;
				CLANG_WARN_OBJC_ROOT_CLASS = YES_ERROR;
				CLANG_WARN_RANGE_LOOP_ANALYSIS = YES;
				CLANG_WARN_STRICT_PROTOTYPES = YES;
				CLANG_WARN_SUSPICIOUS_MOVE = YES;
				CLANG_WARN_UNGUARDED_AVAILABILITY = YES_AGGRESSIVE;
				CLANG_WARN_UNREACHABLE_CODE = YES;
				CLANG_WARN__DUPLICATE_METHOD_MATCH = YES;
				COPY_PHASE_STRIP = NO;
				DEBUG_INFORMATION_FORMAT = "dwarf-with-dsym";
				ENABLE_NS_ASSERTIONS = NO;
				ENABLE_STRICT_OBJC_MSGSEND = YES;
				GCC_C_LANGUAGE_STANDARD = gnu11;
				GCC_NO_COMMON_BLOCKS = YES;
				GCC_WARN_64_TO_32_BIT_CONVERSION = YES;
				GCC_WARN_ABOUT_RETURN_TYPE = YES_ERROR;
				GCC_WARN_UNDECLARED_SELECTOR = YES;
				GCC_WARN_UNINITIALIZED_AUTOS = YES_AGGRESSIVE;
				GCC_WARN_UNUSED_FUNCTION = YES;
				GCC_WARN_UNUSED_VARIABLE = YES;
				IPHONEOS_DEPLOYMENT_TARGET = 13.2;
				MTL_ENABLE_DEBUG_INFO = NO;
				MTL_FAST_MATH = YES;
				SDKROOT = iphoneos;
				SWIFT_COMPILATION_MODE = wholemodule;
				SWIFT_OPTIMIZATION_LEVEL = "-O";
				VALIDATE_PRODUCT = YES;
			};
			name = Release;
		};
		09DA084D2427720100B7F60F /* Debug */ = {
			isa = XCBuildConfiguration;
			baseConfigurationReference = 889D1E0E5D1C69550ECC7149 /* Pods-UberClone.debug.xcconfig */;
			buildSettings = {
				ASSETCATALOG_COMPILER_APPICON_NAME = AppIcon;
				CODE_SIGN_STYLE = Automatic;
				DEVELOPMENT_TEAM = TT89N83FTR;
				INFOPLIST_FILE = UberClone/Info.plist;
				LD_RUNPATH_SEARCH_PATHS = (
					"$(inherited)",
					"@executable_path/Frameworks",
				);
				PRODUCT_BUNDLE_IDENTIFIER = com.mitsuyoshi.UberClone;
				PRODUCT_NAME = "$(TARGET_NAME)";
				SWIFT_VERSION = 5.0;
				TARGETED_DEVICE_FAMILY = "1,2";
			};
			name = Debug;
		};
		09DA084E2427720100B7F60F /* Release */ = {
			isa = XCBuildConfiguration;
			baseConfigurationReference = 8B8D0D466EC04333B04EA53A /* Pods-UberClone.release.xcconfig */;
			buildSettings = {
				ASSETCATALOG_COMPILER_APPICON_NAME = AppIcon;
				CODE_SIGN_STYLE = Automatic;
				DEVELOPMENT_TEAM = TT89N83FTR;
				INFOPLIST_FILE = UberClone/Info.plist;
				LD_RUNPATH_SEARCH_PATHS = (
					"$(inherited)",
					"@executable_path/Frameworks",
				);
				PRODUCT_BUNDLE_IDENTIFIER = com.mitsuyoshi.UberClone;
				PRODUCT_NAME = "$(TARGET_NAME)";
				SWIFT_VERSION = 5.0;
				TARGETED_DEVICE_FAMILY = "1,2";
			};
			name = Release;
		};
/* End XCBuildConfiguration section */

/* Begin XCConfigurationList section */
		09DA0833242771FF00B7F60F /* Build configuration list for PBXProject "UberClone" */ = {
			isa = XCConfigurationList;
			buildConfigurations = (
				09DA084A2427720100B7F60F /* Debug */,
				09DA084B2427720100B7F60F /* Release */,
			);
			defaultConfigurationIsVisible = 0;
			defaultConfigurationName = Release;
		};
		09DA084C2427720100B7F60F /* Build configuration list for PBXNativeTarget "UberClone" */ = {
			isa = XCConfigurationList;
			buildConfigurations = (
				09DA084D2427720100B7F60F /* Debug */,
				09DA084E2427720100B7F60F /* Release */,
			);
			defaultConfigurationIsVisible = 0;
			defaultConfigurationName = Release;
		};
/* End XCConfigurationList section */
	};
	rootObject = 09DA0830242771FF00B7F60F /* Project object */;
}
